
Microsoft Visual Studio Solution File, Format Version 12.00
# Visual Studio 15
VisualStudioVersion = 15.0.27703.2042
MinimumVisualStudioVersion = 10.0.40219.1
Project("{FAE04EC0-301F-11D3-BF4B-00C04F79EFBC}") = "CommodityAccountingSystem", "CommodityAccountingSystem.csproj", "{C09AB2B7-17B0-4768-BD90-29AB05DF5C2F}"
EndProject
Global
	GlobalSection(SolutionConfigurationPlatforms) = preSolution
		Debug|Any CPU = Debug|Any CPU
		Release|Any CPU = Release|Any CPU
	EndGlobalSection
	GlobalSection(ProjectConfigurationPlatforms) = postSolution
		{C09AB2B7-17B0-4768-BD90-29AB05DF5C2F}.Debug|Any CPU.ActiveCfg = Debug|Any CPU
		{C09AB2B7-17B0-4768-BD90-29AB05DF5C2F}.Debug|Any CPU.Build.0 = Debug|Any CPU
		{C09AB2B7-17B0-4768-BD90-29AB05DF5C2F}.Release|Any CPU.ActiveCfg = Release|Any CPU
		{C09AB2B7-17B0-4768-BD90-29AB05DF5C2F}.Release|Any CPU.Build.0 = Release|Any CPU
	EndGlobalSection
	GlobalSection(SolutionProperties) = preSolution
		HideSolutionNode = FALSE
	EndGlobalSection
	GlobalSection(ExtensibilityGlobals) = postSolution
		SolutionGuid = {F51507F2-E0CA-46A2-82A3-C1DD8740DEF7}
	EndGlobalSection
EndGlobal
